// !$*UTF8*$!
{
	archiveVersion = 1;
	classes = {
	};
	objectVersion = 56;
	objects = {

/* Begin PBXBuildFile section */
		018D3D3729D158E400C29B18 /* AppDelegate.swift in Sources */ = {isa = PBXBuildFile; fileRef = 018D3D3629D158E400C29B18 /* AppDelegate.swift */; };
		018D3D3929D158E400C29B18 /* SceneDelegate.swift in Sources */ = {isa = PBXBuildFile; fileRef = 018D3D3829D158E400C29B18 /* SceneDelegate.swift */; };
		018D3D3E29D158E400C29B18 /* Main.storyboard in Resources */ = {isa = PBXBuildFile; fileRef = 018D3D3C29D158E400C29B18 /* Main.storyboard */; };
		018D3D4129D158E400C29B18 /* MVVM_Weather.xcdatamodeld in Sources */ = {isa = PBXBuildFile; fileRef = 018D3D3F29D158E400C29B18 /* MVVM_Weather.xcdatamodeld */; };
		018D3D4329D158E800C29B18 /* Assets.xcassets in Resources */ = {isa = PBXBuildFile; fileRef = 018D3D4229D158E800C29B18 /* Assets.xcassets */; };
		018D3D4629D158E800C29B18 /* LaunchScreen.storyboard in Resources */ = {isa = PBXBuildFile; fileRef = 018D3D4429D158E800C29B18 /* LaunchScreen.storyboard */; };
		018D3D5129D158E900C29B18 /* MVVM_WeatherTests.swift in Sources */ = {isa = PBXBuildFile; fileRef = 018D3D5029D158E900C29B18 /* MVVM_WeatherTests.swift */; };
		018D3D5B29D158E900C29B18 /* MVVM_WeatherUITests.swift in Sources */ = {isa = PBXBuildFile; fileRef = 018D3D5A29D158E900C29B18 /* MVVM_WeatherUITests.swift */; };
		018D3D5D29D158E900C29B18 /* MVVM_WeatherUITestsLaunchTests.swift in Sources */ = {isa = PBXBuildFile; fileRef = 018D3D5C29D158E900C29B18 /* MVVM_WeatherUITestsLaunchTests.swift */; };
		01DB6F3229D15F8F00B84C5F /* WeatheListTableViewController.swift in Sources */ = {isa = PBXBuildFile; fileRef = 01DB6F3129D15F8F00B84C5F /* WeatheListTableViewController.swift */; };
		01DB6F3329D15F8F00B84C5F /* WeatheListTableViewController.swift in Sources */ = {isa = PBXBuildFile; fileRef = 01DB6F3129D15F8F00B84C5F /* WeatheListTableViewController.swift */; };
		01DB6F3429D15F8F00B84C5F /* WeatheListTableViewController.swift in Sources */ = {isa = PBXBuildFile; fileRef = 01DB6F3129D15F8F00B84C5F /* WeatheListTableViewController.swift */; };
		01DB6F3629D15FB800B84C5F /* AddWeatherCityViewController.swift in Sources */ = {isa = PBXBuildFile; fileRef = 01DB6F3529D15FB800B84C5F /* AddWeatherCityViewController.swift */; };
		01DB6F3729D15FB800B84C5F /* AddWeatherCityViewController.swift in Sources */ = {isa = PBXBuildFile; fileRef = 01DB6F3529D15FB800B84C5F /* AddWeatherCityViewController.swift */; };
		01DB6F3829D15FB800B84C5F /* AddWeatherCityViewController.swift in Sources */ = {isa = PBXBuildFile; fileRef = 01DB6F3529D15FB800B84C5F /* AddWeatherCityViewController.swift */; };
		01DB6F3B29D1635C00B84C5F /* WeatherCellView.swift in Sources */ = {isa = PBXBuildFile; fileRef = 01DB6F3A29D1635C00B84C5F /* WeatherCellView.swift */; };
		01DB6F3C29D1635C00B84C5F /* WeatherCellView.swift in Sources */ = {isa = PBXBuildFile; fileRef = 01DB6F3A29D1635C00B84C5F /* WeatherCellView.swift */; };
		01DB6F3D29D1635C00B84C5F /* WeatherCellView.swift in Sources */ = {isa = PBXBuildFile; fileRef = 01DB6F3A29D1635C00B84C5F /* WeatherCellView.swift */; };
		01DB6F4029D17AFC00B84C5F /* WebService.swift in Sources */ = {isa = PBXBuildFile; fileRef = 01DB6F3F29D17AFC00B84C5F /* WebService.swift */; };
		01DB6F4129D17AFC00B84C5F /* WebService.swift in Sources */ = {isa = PBXBuildFile; fileRef = 01DB6F3F29D17AFC00B84C5F /* WebService.swift */; };
		01DB6F4229D17AFC00B84C5F /* WebService.swift in Sources */ = {isa = PBXBuildFile; fileRef = 01DB6F3F29D17AFC00B84C5F /* WebService.swift */; };
		01DB6F4529D17E6800B84C5F /* WeatherResponse.swift in Sources */ = {isa = PBXBuildFile; fileRef = 01DB6F4429D17E6800B84C5F /* WeatherResponse.swift */; };
		01DB6F4629D17E6800B84C5F /* WeatherResponse.swift in Sources */ = {isa = PBXBuildFile; fileRef = 01DB6F4429D17E6800B84C5F /* WeatherResponse.swift */; };
		01DB6F4729D17E6800B84C5F /* WeatherResponse.swift in Sources */ = {isa = PBXBuildFile; fileRef = 01DB6F4429D17E6800B84C5F /* WeatherResponse.swift */; };
		01DB6F4A29D1812F00B84C5F /* AddWeatherViewModel.swift in Sources */ = {isa = PBXBuildFile; fileRef = 01DB6F4929D1812F00B84C5F /* AddWeatherViewModel.swift */; };
		01DB6F4B29D1812F00B84C5F /* AddWeatherViewModel.swift in Sources */ = {isa = PBXBuildFile; fileRef = 01DB6F4929D1812F00B84C5F /* AddWeatherViewModel.swift */; };
		01DB6F4C29D1812F00B84C5F /* AddWeatherViewModel.swift in Sources */ = {isa = PBXBuildFile; fileRef = 01DB6F4929D1812F00B84C5F /* AddWeatherViewModel.swift */; };
		01DB6F4F29D1816D00B84C5F /* Constants.swift in Sources */ = {isa = PBXBuildFile; fileRef = 01DB6F4E29D1816D00B84C5F /* Constants.swift */; };
		01DB6F5029D1816E00B84C5F /* Constants.swift in Sources */ = {isa = PBXBuildFile; fileRef = 01DB6F4E29D1816D00B84C5F /* Constants.swift */; };
		01DB6F5129D1816E00B84C5F /* Constants.swift in Sources */ = {isa = PBXBuildFile; fileRef = 01DB6F4E29D1816D00B84C5F /* Constants.swift */; };
		01DB6F5429D1826D00B84C5F /* String+Extension.swift in Sources */ = {isa = PBXBuildFile; fileRef = 01DB6F5329D1826D00B84C5F /* String+Extension.swift */; };
		01DB6F5529D1826D00B84C5F /* String+Extension.swift in Sources */ = {isa = PBXBuildFile; fileRef = 01DB6F5329D1826D00B84C5F /* String+Extension.swift */; };
		01DB6F5629D1826D00B84C5F /* String+Extension.swift in Sources */ = {isa = PBXBuildFile; fileRef = 01DB6F5329D1826D00B84C5F /* String+Extension.swift */; };
		01DB6F5829D184A300B84C5F /* WeatherListViewModel.swift in Sources */ = {isa = PBXBuildFile; fileRef = 01DB6F5729D184A300B84C5F /* WeatherListViewModel.swift */; };
		01DB6F5929D184A300B84C5F /* WeatherListViewModel.swift in Sources */ = {isa = PBXBuildFile; fileRef = 01DB6F5729D184A300B84C5F /* WeatherListViewModel.swift */; };
		01DB6F5A29D184A300B84C5F /* WeatherListViewModel.swift in Sources */ = {isa = PBXBuildFile; fileRef = 01DB6F5729D184A300B84C5F /* WeatherListViewModel.swift */; };
		01DB6F5C29D18CBF00B84C5F /* Double+Extension.swift in Sources */ = {isa = PBXBuildFile; fileRef = 01DB6F5B29D18CBF00B84C5F /* Double+Extension.swift */; };
		01DB6F5D29D18CBF00B84C5F /* Double+Extension.swift in Sources */ = {isa = PBXBuildFile; fileRef = 01DB6F5B29D18CBF00B84C5F /* Double+Extension.swift */; };
		01DB6F5E29D18CBF00B84C5F /* Double+Extension.swift in Sources */ = {isa = PBXBuildFile; fileRef = 01DB6F5B29D18CBF00B84C5F /* Double+Extension.swift */; };
		01DB6F6029D1A08800B84C5F /* SettingTableViewController.swift in Sources */ = {isa = PBXBuildFile; fileRef = 01DB6F5F29D1A08800B84C5F /* SettingTableViewController.swift */; };
		01DB6F6129D1A08800B84C5F /* SettingTableViewController.swift in Sources */ = {isa = PBXBuildFile; fileRef = 01DB6F5F29D1A08800B84C5F /* SettingTableViewController.swift */; };
		01DB6F6229D1A08800B84C5F /* SettingTableViewController.swift in Sources */ = {isa = PBXBuildFile; fileRef = 01DB6F5F29D1A08800B84C5F /* SettingTableViewController.swift */; };
		01DB6F6429D1A14F00B84C5F /* SettingsViewModel.swift in Sources */ = {isa = PBXBuildFile; fileRef = 01DB6F6329D1A14F00B84C5F /* SettingsViewModel.swift */; };
		01DB6F6529D1A14F00B84C5F /* SettingsViewModel.swift in Sources */ = {isa = PBXBuildFile; fileRef = 01DB6F6329D1A14F00B84C5F /* SettingsViewModel.swift */; };
		01DB6F6629D1A14F00B84C5F /* SettingsViewModel.swift in Sources */ = {isa = PBXBuildFile; fileRef = 01DB6F6329D1A14F00B84C5F /* SettingsViewModel.swift */; };
		01DB6F6829D1B89500B84C5F /* SettingVIewModelTests.swift in Sources */ = {isa = PBXBuildFile; fileRef = 01DB6F6729D1B89500B84C5F /* SettingVIewModelTests.swift */; };
/* End PBXBuildFile section */

/* Begin PBXContainerItemProxy section */
		018D3D4D29D158E900C29B18 /* PBXContainerItemProxy */ = {
			isa = PBXContainerItemProxy;
			containerPortal = 018D3D2B29D158E400C29B18 /* Project object */;
			proxyType = 1;
			remoteGlobalIDString = 018D3D3229D158E400C29B18;
			remoteInfo = "MVVM-Weather";
		};
		018D3D5729D158E900C29B18 /* PBXContainerItemProxy */ = {
			isa = PBXContainerItemProxy;
			containerPortal = 018D3D2B29D158E400C29B18 /* Project object */;
			proxyType = 1;
			remoteGlobalIDString = 018D3D3229D158E400C29B18;
			remoteInfo = "MVVM-Weather";
		};
/* End PBXContainerItemProxy section */

/* Begin PBXFileReference section */
		018D3D3329D158E400C29B18 /* MVVM-Weather.app */ = {isa = PBXFileReference; explicitFileType = wrapper.application; includeInIndex = 0; path = "MVVM-Weather.app"; sourceTree = BUILT_PRODUCTS_DIR; };
		018D3D3629D158E400C29B18 /* AppDelegate.swift */ = {isa = PBXFileReference; lastKnownFileType = sourcecode.swift; path = AppDelegate.swift; sourceTree = "<group>"; };
		018D3D3829D158E400C29B18 /* SceneDelegate.swift */ = {isa = PBXFileReference; lastKnownFileType = sourcecode.swift; path = SceneDelegate.swift; sourceTree = "<group>"; };
		018D3D3D29D158E400C29B18 /* Base */ = {isa = PBXFileReference; lastKnownFileType = file.storyboard; name = Base; path = Base.lproj/Main.storyboard; sourceTree = "<group>"; };
		018D3D4029D158E400C29B18 /* MVVM_Weather.xcdatamodel */ = {isa = PBXFileReference; lastKnownFileType = wrapper.xcdatamodel; path = MVVM_Weather.xcdatamodel; sourceTree = "<group>"; };
		018D3D4229D158E800C29B18 /* Assets.xcassets */ = {isa = PBXFileReference; lastKnownFileType = folder.assetcatalog; path = Assets.xcassets; sourceTree = "<group>"; };
		018D3D4529D158E800C29B18 /* Base */ = {isa = PBXFileReference; lastKnownFileType = file.storyboard; name = Base; path = Base.lproj/LaunchScreen.storyboard; sourceTree = "<group>"; };
		018D3D4729D158E800C29B18 /* Info.plist */ = {isa = PBXFileReference; lastKnownFileType = text.plist.xml; path = Info.plist; sourceTree = "<group>"; };
		018D3D4C29D158E900C29B18 /* MVVM-WeatherTests.xctest */ = {isa = PBXFileReference; explicitFileType = wrapper.cfbundle; includeInIndex = 0; path = "MVVM-WeatherTests.xctest"; sourceTree = BUILT_PRODUCTS_DIR; };
		018D3D5029D158E900C29B18 /* MVVM_WeatherTests.swift */ = {isa = PBXFileReference; lastKnownFileType = sourcecode.swift; path = MVVM_WeatherTests.swift; sourceTree = "<group>"; };
		018D3D5629D158E900C29B18 /* MVVM-WeatherUITests.xctest */ = {isa = PBXFileReference; explicitFileType = wrapper.cfbundle; includeInIndex = 0; path = "MVVM-WeatherUITests.xctest"; sourceTree = BUILT_PRODUCTS_DIR; };
		018D3D5A29D158E900C29B18 /* MVVM_WeatherUITests.swift */ = {isa = PBXFileReference; lastKnownFileType = sourcecode.swift; path = MVVM_WeatherUITests.swift; sourceTree = "<group>"; };
		018D3D5C29D158E900C29B18 /* MVVM_WeatherUITestsLaunchTests.swift */ = {isa = PBXFileReference; lastKnownFileType = sourcecode.swift; path = MVVM_WeatherUITestsLaunchTests.swift; sourceTree = "<group>"; };
		01DB6F3129D15F8F00B84C5F /* WeatheListTableViewController.swift */ = {isa = PBXFileReference; lastKnownFileType = sourcecode.swift; path = WeatheListTableViewController.swift; sourceTree = "<group>"; };
		01DB6F3529D15FB800B84C5F /* AddWeatherCityViewController.swift */ = {isa = PBXFileReference; lastKnownFileType = sourcecode.swift; path = AddWeatherCityViewController.swift; sourceTree = "<group>"; };
		01DB6F3A29D1635C00B84C5F /* WeatherCellView.swift */ = {isa = PBXFileReference; lastKnownFileType = sourcecode.swift; path = WeatherCellView.swift; sourceTree = "<group>"; };
		01DB6F3F29D17AFC00B84C5F /* WebService.swift */ = {isa = PBXFileReference; lastKnownFileType = sourcecode.swift; path = WebService.swift; sourceTree = "<group>"; };
		01DB6F4429D17E6800B84C5F /* WeatherResponse.swift */ = {isa = PBXFileReference; lastKnownFileType = sourcecode.swift; path = WeatherResponse.swift; sourceTree = "<group>"; };
		01DB6F4929D1812F00B84C5F /* AddWeatherViewModel.swift */ = {isa = PBXFileReference; lastKnownFileType = sourcecode.swift; path = AddWeatherViewModel.swift; sourceTree = "<group>"; };
		01DB6F4E29D1816D00B84C5F /* Constants.swift */ = {isa = PBXFileReference; lastKnownFileType = sourcecode.swift; path = Constants.swift; sourceTree = "<group>"; };
		01DB6F5329D1826D00B84C5F /* String+Extension.swift */ = {isa = PBXFileReference; lastKnownFileType = sourcecode.swift; path = "String+Extension.swift"; sourceTree = "<group>"; };
		01DB6F5729D184A300B84C5F /* WeatherListViewModel.swift */ = {isa = PBXFileReference; lastKnownFileType = sourcecode.swift; path = WeatherListViewModel.swift; sourceTree = "<group>"; };
		01DB6F5B29D18CBF00B84C5F /* Double+Extension.swift */ = {isa = PBXFileReference; lastKnownFileType = sourcecode.swift; path = "Double+Extension.swift"; sourceTree = "<group>"; };
		01DB6F5F29D1A08800B84C5F /* SettingTableViewController.swift */ = {isa = PBXFileReference; lastKnownFileType = sourcecode.swift; path = SettingTableViewController.swift; sourceTree = "<group>"; };
		01DB6F6329D1A14F00B84C5F /* SettingsViewModel.swift */ = {isa = PBXFileReference; lastKnownFileType = sourcecode.swift; path = SettingsViewModel.swift; sourceTree = "<group>"; };
		01DB6F6729D1B89500B84C5F /* SettingVIewModelTests.swift */ = {isa = PBXFileReference; lastKnownFileType = sourcecode.swift; path = SettingVIewModelTests.swift; sourceTree = "<group>"; };
/* End PBXFileReference section */

/* Begin PBXFrameworksBuildPhase section */
		018D3D3029D158E400C29B18 /* Frameworks */ = {
			isa = PBXFrameworksBuildPhase;
			buildActionMask = 2147483647;
			files = (
			);
			runOnlyForDeploymentPostprocessing = 0;
		};
		018D3D4929D158E900C29B18 /* Frameworks */ = {
			isa = PBXFrameworksBuildPhase;
			buildActionMask = 2147483647;
			files = (
			);
			runOnlyForDeploymentPostprocessing = 0;
		};
		018D3D5329D158E900C29B18 /* Frameworks */ = {
			isa = PBXFrameworksBuildPhase;
			buildActionMask = 2147483647;
			files = (
			);
			runOnlyForDeploymentPostprocessing = 0;
		};
/* End PBXFrameworksBuildPhase section */

/* Begin PBXGroup section */
		018D3D2A29D158E400C29B18 = {
			isa = PBXGroup;
			children = (
				018D3D3529D158E400C29B18 /* MVVM-Weather */,
				018D3D4F29D158E900C29B18 /* MVVM-WeatherTests */,
				018D3D5929D158E900C29B18 /* MVVM-WeatherUITests */,
				018D3D3429D158E400C29B18 /* Products */,
			);
			sourceTree = "<group>";
		};
		018D3D3429D158E400C29B18 /* Products */ = {
			isa = PBXGroup;
			children = (
				018D3D3329D158E400C29B18 /* MVVM-Weather.app */,
				018D3D4C29D158E900C29B18 /* MVVM-WeatherTests.xctest */,
				018D3D5629D158E900C29B18 /* MVVM-WeatherUITests.xctest */,
			);
			name = Products;
			sourceTree = "<group>";
		};
		018D3D3529D158E400C29B18 /* MVVM-Weather */ = {
			isa = PBXGroup;
			children = (
				01DB6F5229D1825700B84C5F /* Extensions */,
				01DB6F4D29D1815D00B84C5F /* Unitls */,
				01DB6F4829D1811B00B84C5F /* ViewModels */,
				01DB6F4329D17E3A00B84C5F /* Models */,
				01DB6F3E29D17AE600B84C5F /* Services */,
				01DB6F3929D1633A00B84C5F /* CustomCells */,
				01DB6F3029D15C0600B84C5F /* Controllers */,
				018D3D3629D158E400C29B18 /* AppDelegate.swift */,
				018D3D3829D158E400C29B18 /* SceneDelegate.swift */,
				018D3D3C29D158E400C29B18 /* Main.storyboard */,
				018D3D4229D158E800C29B18 /* Assets.xcassets */,
				018D3D4429D158E800C29B18 /* LaunchScreen.storyboard */,
				018D3D4729D158E800C29B18 /* Info.plist */,
				018D3D3F29D158E400C29B18 /* MVVM_Weather.xcdatamodeld */,
			);
			path = "MVVM-Weather";
			sourceTree = "<group>";
		};
		018D3D4F29D158E900C29B18 /* MVVM-WeatherTests */ = {
			isa = PBXGroup;
			children = (
				018D3D5029D158E900C29B18 /* MVVM_WeatherTests.swift */,
				01DB6F6729D1B89500B84C5F /* SettingVIewModelTests.swift */,
			);
			path = "MVVM-WeatherTests";
			sourceTree = "<group>";
		};
		018D3D5929D158E900C29B18 /* MVVM-WeatherUITests */ = {
			isa = PBXGroup;
			children = (
				018D3D5A29D158E900C29B18 /* MVVM_WeatherUITests.swift */,
				018D3D5C29D158E900C29B18 /* MVVM_WeatherUITestsLaunchTests.swift */,
			);
			path = "MVVM-WeatherUITests";
			sourceTree = "<group>";
		};
		01DB6F3029D15C0600B84C5F /* Controllers */ = {
			isa = PBXGroup;
			children = (
				01DB6F3129D15F8F00B84C5F /* WeatheListTableViewController.swift */,
				01DB6F3529D15FB800B84C5F /* AddWeatherCityViewController.swift */,
				01DB6F5F29D1A08800B84C5F /* SettingTableViewController.swift */,
			);
			path = Controllers;
			sourceTree = "<group>";
		};
		01DB6F3929D1633A00B84C5F /* CustomCells */ = {
			isa = PBXGroup;
			children = (
				01DB6F3A29D1635C00B84C5F /* WeatherCellView.swift */,
			);
			path = CustomCells;
			sourceTree = "<group>";
		};
		01DB6F3E29D17AE600B84C5F /* Services */ = {
			isa = PBXGroup;
			children = (
				01DB6F3F29D17AFC00B84C5F /* WebService.swift */,
			);
			path = Services;
			sourceTree = "<group>";
		};
		01DB6F4329D17E3A00B84C5F /* Models */ = {
			isa = PBXGroup;
			children = (
				01DB6F4429D17E6800B84C5F /* WeatherResponse.swift */,
			);
			path = Models;
			sourceTree = "<group>";
		};
		01DB6F4829D1811B00B84C5F /* ViewModels */ = {
			isa = PBXGroup;
			children = (
				01DB6F4929D1812F00B84C5F /* AddWeatherViewModel.swift */,
				01DB6F5729D184A300B84C5F /* WeatherListViewModel.swift */,
				01DB6F6329D1A14F00B84C5F /* SettingsViewModel.swift */,
			);
			path = ViewModels;
			sourceTree = "<group>";
		};
		01DB6F4D29D1815D00B84C5F /* Unitls */ = {
			isa = PBXGroup;
			children = (
				01DB6F4E29D1816D00B84C5F /* Constants.swift */,
			);
			path = Unitls;
			sourceTree = "<group>";
		};
		01DB6F5229D1825700B84C5F /* Extensions */ = {
			isa = PBXGroup;
			children = (
				01DB6F5329D1826D00B84C5F /* String+Extension.swift */,
				01DB6F5B29D18CBF00B84C5F /* Double+Extension.swift */,
			);
			path = Extensions;
			sourceTree = "<group>";
		};
/* End PBXGroup section */

/* Begin PBXNativeTarget section */
		018D3D3229D158E400C29B18 /* MVVM-Weather */ = {
			isa = PBXNativeTarget;
			buildConfigurationList = 018D3D6029D158E900C29B18 /* Build configuration list for PBXNativeTarget "MVVM-Weather" */;
			buildPhases = (
				018D3D2F29D158E400C29B18 /* Sources */,
				018D3D3029D158E400C29B18 /* Frameworks */,
				018D3D3129D158E400C29B18 /* Resources */,
			);
			buildRules = (
			);
			dependencies = (
			);
			name = "MVVM-Weather";
			productName = "MVVM-Weather";
			productReference = 018D3D3329D158E400C29B18 /* MVVM-Weather.app */;
			productType = "com.apple.product-type.application";
		};
		018D3D4B29D158E900C29B18 /* MVVM-WeatherTests */ = {
			isa = PBXNativeTarget;
			buildConfigurationList = 018D3D6329D158E900C29B18 /* Build configuration list for PBXNativeTarget "MVVM-WeatherTests" */;
			buildPhases = (
				018D3D4829D158E900C29B18 /* Sources */,
				018D3D4929D158E900C29B18 /* Frameworks */,
				018D3D4A29D158E900C29B18 /* Resources */,
			);
			buildRules = (
			);
			dependencies = (
				018D3D4E29D158E900C29B18 /* PBXTargetDependency */,
			);
			name = "MVVM-WeatherTests";
			productName = "MVVM-WeatherTests";
			productReference = 018D3D4C29D158E900C29B18 /* MVVM-WeatherTests.xctest */;
			productType = "com.apple.product-type.bundle.unit-test";
		};
		018D3D5529D158E900C29B18 /* MVVM-WeatherUITests */ = {
			isa = PBXNativeTarget;
			buildConfigurationList = 018D3D6629D158E900C29B18 /* Build configuration list for PBXNativeTarget "MVVM-WeatherUITests" */;
			buildPhases = (
				018D3D5229D158E900C29B18 /* Sources */,
				018D3D5329D158E900C29B18 /* Frameworks */,
				018D3D5429D158E900C29B18 /* Resources */,
			);
			buildRules = (
			);
			dependencies = (
				018D3D5829D158E900C29B18 /* PBXTargetDependency */,
			);
			name = "MVVM-WeatherUITests";
			productName = "MVVM-WeatherUITests";
			productReference = 018D3D5629D158E900C29B18 /* MVVM-WeatherUITests.xctest */;
			productType = "com.apple.product-type.bundle.ui-testing";
		};
/* End PBXNativeTarget section */

/* Begin PBXProject section */
		018D3D2B29D158E400C29B18 /* Project object */ = {
			isa = PBXProject;
			attributes = {
				BuildIndependentTargetsInParallel = 1;
				LastSwiftUpdateCheck = 1420;
				LastUpgradeCheck = 1420;
				TargetAttributes = {
					018D3D3229D158E400C29B18 = {
						CreatedOnToolsVersion = 14.2;
					};
					018D3D4B29D158E900C29B18 = {
						CreatedOnToolsVersion = 14.2;
						TestTargetID = 018D3D3229D158E400C29B18;
					};
					018D3D5529D158E900C29B18 = {
						CreatedOnToolsVersion = 14.2;
						TestTargetID = 018D3D3229D158E400C29B18;
					};
				};
			};
			buildConfigurationList = 018D3D2E29D158E400C29B18 /* Build configuration list for PBXProject "MVVM-Weather" */;
			compatibilityVersion = "Xcode 14.0";
			developmentRegion = en;
			hasScannedForEncodings = 0;
			knownRegions = (
				en,
				Base,
			);
			mainGroup = 018D3D2A29D158E400C29B18;
			productRefGroup = 018D3D3429D158E400C29B18 /* Products */;
			projectDirPath = "";
			projectRoot = "";
			targets = (
				018D3D3229D158E400C29B18 /* MVVM-Weather */,
				018D3D4B29D158E900C29B18 /* MVVM-WeatherTests */,
				018D3D5529D158E900C29B18 /* MVVM-WeatherUITests */,
			);
		};
/* End PBXProject section */

/* Begin PBXResourcesBuildPhase section */
		018D3D3129D158E400C29B18 /* Resources */ = {
			isa = PBXResourcesBuildPhase;
			buildActionMask = 2147483647;
			files = (
				018D3D4629D158E800C29B18 /* LaunchScreen.storyboard in Resources */,
				018D3D4329D158E800C29B18 /* Assets.xcassets in Resources */,
				018D3D3E29D158E400C29B18 /* Main.storyboard in Resources */,
			);
			runOnlyForDeploymentPostprocessing = 0;
		};
		018D3D4A29D158E900C29B18 /* Resources */ = {
			isa = PBXResourcesBuildPhase;
			buildActionMask = 2147483647;
			files = (
			);
			runOnlyForDeploymentPostprocessing = 0;
		};
		018D3D5429D158E900C29B18 /* Resources */ = {
			isa = PBXResourcesBuildPhase;
			buildActionMask = 2147483647;
			files = (
			);
			runOnlyForDeploymentPostprocessing = 0;
		};
/* End PBXResourcesBuildPhase section */

/* Begin PBXSourcesBuildPhase section */
		018D3D2F29D158E400C29B18 /* Sources */ = {
			isa = PBXSourcesBuildPhase;
			buildActionMask = 2147483647;
			files = (
				018D3D3729D158E400C29B18 /* AppDelegate.swift in Sources */,
				01DB6F5829D184A300B84C5F /* WeatherListViewModel.swift in Sources */,
				01DB6F5429D1826D00B84C5F /* String+Extension.swift in Sources */,
				01DB6F3629D15FB800B84C5F /* AddWeatherCityViewController.swift in Sources */,
				01DB6F5C29D18CBF00B84C5F /* Double+Extension.swift in Sources */,
				01DB6F6429D1A14F00B84C5F /* SettingsViewModel.swift in Sources */,
				01DB6F6029D1A08800B84C5F /* SettingTableViewController.swift in Sources */,
				01DB6F4029D17AFC00B84C5F /* WebService.swift in Sources */,
				018D3D4129D158E400C29B18 /* MVVM_Weather.xcdatamodeld in Sources */,
				01DB6F4A29D1812F00B84C5F /* AddWeatherViewModel.swift in Sources */,
				01DB6F4F29D1816D00B84C5F /* Constants.swift in Sources */,
				018D3D3929D158E400C29B18 /* SceneDelegate.swift in Sources */,
				01DB6F3229D15F8F00B84C5F /* WeatheListTableViewController.swift in Sources */,
				01DB6F3B29D1635C00B84C5F /* WeatherCellView.swift in Sources */,
				01DB6F4529D17E6800B84C5F /* WeatherResponse.swift in Sources */,
			);
			runOnlyForDeploymentPostprocessing = 0;
		};
		018D3D4829D158E900C29B18 /* Sources */ = {
			isa = PBXSourcesBuildPhase;
			buildActionMask = 2147483647;
			files = (
				018D3D5129D158E900C29B18 /* MVVM_WeatherTests.swift in Sources */,
				01DB6F6829D1B89500B84C5F /* SettingVIewModelTests.swift in Sources */,
				01DB6F5529D1826D00B84C5F /* String+Extension.swift in Sources */,
				01DB6F4629D17E6800B84C5F /* WeatherResponse.swift in Sources */,
				01DB6F4B29D1812F00B84C5F /* AddWeatherViewModel.swift in Sources */,
				01DB6F3729D15FB800B84C5F /* AddWeatherCityViewController.swift in Sources */,
				01DB6F5D29D18CBF00B84C5F /* Double+Extension.swift in Sources */,
				01DB6F5929D184A300B84C5F /* WeatherListViewModel.swift in Sources */,
				01DB6F3329D15F8F00B84C5F /* WeatheListTableViewController.swift in Sources */,
				01DB6F6529D1A14F00B84C5F /* SettingsViewModel.swift in Sources */,
				01DB6F4129D17AFC00B84C5F /* WebService.swift in Sources */,
				01DB6F3C29D1635C00B84C5F /* WeatherCellView.swift in Sources */,
				01DB6F5029D1816E00B84C5F /* Constants.swift in Sources */,
				01DB6F6129D1A08800B84C5F /* SettingTableViewController.swift in Sources */,
			);
			runOnlyForDeploymentPostprocessing = 0;
		};
		018D3D5229D158E900C29B18 /* Sources */ = {
			isa = PBXSourcesBuildPhase;
			buildActionMask = 2147483647;
			files = (
				01DB6F4229D17AFC00B84C5F /* WebService.swift in Sources */,
				01DB6F4C29D1812F00B84C5F /* AddWeatherViewModel.swift in Sources */,
				018D3D5B29D158E900C29B18 /* MVVM_WeatherUITests.swift in Sources */,
				01DB6F6229D1A08800B84C5F /* SettingTableViewController.swift in Sources */,
				01DB6F5A29D184A300B84C5F /* WeatherListViewModel.swift in Sources */,
				01DB6F3429D15F8F00B84C5F /* WeatheListTableViewController.swift in Sources */,
				01DB6F4729D17E6800B84C5F /* WeatherResponse.swift in Sources */,
				01DB6F3829D15FB800B84C5F /* AddWeatherCityViewController.swift in Sources */,
				018D3D5D29D158E900C29B18 /* MVVM_WeatherUITestsLaunchTests.swift in Sources */,
				01DB6F5E29D18CBF00B84C5F /* Double+Extension.swift in Sources */,
				01DB6F3D29D1635C00B84C5F /* WeatherCellView.swift in Sources */,
				01DB6F5629D1826D00B84C5F /* String+Extension.swift in Sources */,
				01DB6F5129D1816E00B84C5F /* Constants.swift in Sources */,
				01DB6F6629D1A14F00B84C5F /* SettingsViewModel.swift in Sources */,
			);
			runOnlyForDeploymentPostprocessing = 0;
		};
/* End PBXSourcesBuildPhase section */

/* Begin PBXTargetDependency section */
		018D3D4E29D158E900C29B18 /* PBXTargetDependency */ = {
			isa = PBXTargetDependency;
			target = 018D3D3229D158E400C29B18 /* MVVM-Weather */;
			targetProxy = 018D3D4D29D158E900C29B18 /* PBXContainerItemProxy */;
		};
		018D3D5829D158E900C29B18 /* PBXTargetDependency */ = {
			isa = PBXTargetDependency;
			target = 018D3D3229D158E400C29B18 /* MVVM-Weather */;
			targetProxy = 018D3D5729D158E900C29B18 /* PBXContainerItemProxy */;
		};
/* End PBXTargetDependency section */

/* Begin PBXVariantGroup section */
		018D3D3C29D158E400C29B18 /* Main.storyboard */ = {
			isa = PBXVariantGroup;
			children = (
				018D3D3D29D158E400C29B18 /* Base */,
			);
			name = Main.storyboard;
			sourceTree = "<group>";
		};
		018D3D4429D158E800C29B18 /* LaunchScreen.storyboard */ = {
			isa = PBXVariantGroup;
			children = (
				018D3D4529D158E800C29B18 /* Base */,
			);
			name = LaunchScreen.storyboard;
			sourceTree = "<group>";
		};
/* End PBXVariantGroup section */

/* Begin XCBuildConfiguration section */
		018D3D5E29D158E900C29B18 /* Debug */ = {
			isa = XCBuildConfiguration;
			buildSettings = {
				ALWAYS_SEARCH_USER_PATHS = NO;
				CLANG_ANALYZER_NONNULL = YES;
				CLANG_ANALYZER_NUMBER_OBJECT_CONVERSION = YES_AGGRESSIVE;
				CLANG_CXX_LANGUAGE_STANDARD = "gnu++20";
				CLANG_ENABLE_MODULES = YES;
				CLANG_ENABLE_OBJC_ARC = YES;
				CLANG_ENABLE_OBJC_WEAK = YES;
				CLANG_WARN_BLOCK_CAPTURE_AUTORELEASING = YES;
				CLANG_WARN_BOOL_CONVERSION = YES;
				CLANG_WARN_COMMA = YES;
				CLANG_WARN_CONSTANT_CONVERSION = YES;
				CLANG_WARN_DEPRECATED_OBJC_IMPLEMENTATIONS = YES;
				CLANG_WARN_DIRECT_OBJC_ISA_USAGE = YES_ERROR;
				CLANG_WARN_DOCUMENTATION_COMMENTS = YES;
				CLANG_WARN_EMPTY_BODY = YES;
				CLANG_WARN_ENUM_CONVERSION = YES;
				CLANG_WARN_INFINITE_RECURSION = YES;
				CLANG_WARN_INT_CONVERSION = YES;
				CLANG_WARN_NON_LITERAL_NULL_CONVERSION = YES;
				CLANG_WARN_OBJC_IMPLICIT_RETAIN_SELF = YES;
				CLANG_WARN_OBJC_LITERAL_CONVERSION = YES;
				CLANG_WARN_OBJC_ROOT_CLASS = YES_ERROR;
				CLANG_WARN_QUOTED_INCLUDE_IN_FRAMEWORK_HEADER = YES;
				CLANG_WARN_RANGE_LOOP_ANALYSIS = YES;
				CLANG_WARN_STRICT_PROTOTYPES = YES;
				CLANG_WARN_SUSPICIOUS_MOVE = YES;
				CLANG_WARN_UNGUARDED_AVAILABILITY = YES_AGGRESSIVE;
				CLANG_WARN_UNREACHABLE_CODE = YES;
				CLANG_WARN__DUPLICATE_METHOD_MATCH = YES;
				COPY_PHASE_STRIP = NO;
				DEBUG_INFORMATION_FORMAT = dwarf;
				ENABLE_STRICT_OBJC_MSGSEND = YES;
				ENABLE_TESTABILITY = YES;
				GCC_C_LANGUAGE_STANDARD = gnu11;
				GCC_DYNAMIC_NO_PIC = NO;
				GCC_NO_COMMON_BLOCKS = YES;
				GCC_OPTIMIZATION_LEVEL = 0;
				GCC_PREPROCESSOR_DEFINITIONS = (
					"DEBUG=1",
					"$(inherited)",
				);
				GCC_WARN_64_TO_32_BIT_CONVERSION = YES;
				GCC_WARN_ABOUT_RETURN_TYPE = YES_ERROR;
				GCC_WARN_UNDECLARED_SELECTOR = YES;
				GCC_WARN_UNINITIALIZED_AUTOS = YES_AGGRESSIVE;
				GCC_WARN_UNUSED_FUNCTION = YES;
				GCC_WARN_UNUSED_VARIABLE = YES;
				IPHONEOS_DEPLOYMENT_TARGET = 16.2;
				MTL_ENABLE_DEBUG_INFO = INCLUDE_SOURCE;
				MTL_FAST_MATH = YES;
				ONLY_ACTIVE_ARCH = YES;
				SDKROOT = iphoneos;
				SWIFT_ACTIVE_COMPILATION_CONDITIONS = DEBUG;
				SWIFT_OPTIMIZATION_LEVEL = "-Onone";
			};
			name = Debug;
		};
		018D3D5F29D158E900C29B18 /* Release */ = {
			isa = XCBuildConfiguration;
			buildSettings = {
				ALWAYS_SEARCH_USER_PATHS = NO;
				CLANG_ANALYZER_NONNULL = YES;
				CLANG_ANALYZER_NUMBER_OBJECT_CONVERSION = YES_AGGRESSIVE;
				CLANG_CXX_LANGUAGE_STANDARD = "gnu++20";
				CLANG_ENABLE_MODULES = YES;
				CLANG_ENABLE_OBJC_ARC = YES;
				CLANG_ENABLE_OBJC_WEAK = YES;
				CLANG_WARN_BLOCK_CAPTURE_AUTORELEASING = YES;
				CLANG_WARN_BOOL_CONVERSION = YES;
				CLANG_WARN_COMMA = YES;
				CLANG_WARN_CONSTANT_CONVERSION = YES;
				CLANG_WARN_DEPRECATED_OBJC_IMPLEMENTATIONS = YES;
				CLANG_WARN_DIRECT_OBJC_ISA_USAGE = YES_ERROR;
				CLANG_WARN_DOCUMENTATION_COMMENTS = YES;
				CLANG_WARN_EMPTY_BODY = YES;
				CLANG_WARN_ENUM_CONVERSION = YES;
				CLANG_WARN_INFINITE_RECURSION = YES;
				CLANG_WARN_INT_CONVERSION = YES;
				CLANG_WARN_NON_LITERAL_NULL_CONVERSION = YES;
				CLANG_WARN_OBJC_IMPLICIT_RETAIN_SELF = YES;
				CLANG_WARN_OBJC_LITERAL_CONVERSION = YES;
				CLANG_WARN_OBJC_ROOT_CLASS = YES_ERROR;
				CLANG_WARN_QUOTED_INCLUDE_IN_FRAMEWORK_HEADER = YES;
				CLANG_WARN_RANGE_LOOP_ANALYSIS = YES;
				CLANG_WARN_STRICT_PROTOTYPES = YES;
				CLANG_WARN_SUSPICIOUS_MOVE = YES;
				CLANG_WARN_UNGUARDED_AVAILABILITY = YES_AGGRESSIVE;
				CLANG_WARN_UNREACHABLE_CODE = YES;
				CLANG_WARN__DUPLICATE_METHOD_MATCH = YES;
				COPY_PHASE_STRIP = NO;
				DEBUG_INFORMATION_FORMAT = "dwarf-with-dsym";
				ENABLE_NS_ASSERTIONS = NO;
				ENABLE_STRICT_OBJC_MSGSEND = YES;
				GCC_C_LANGUAGE_STANDARD = gnu11;
				GCC_NO_COMMON_BLOCKS = YES;
				GCC_WARN_64_TO_32_BIT_CONVERSION = YES;
				GCC_WARN_ABOUT_RETURN_TYPE = YES_ERROR;
				GCC_WARN_UNDECLARED_SELECTOR = YES;
				GCC_WARN_UNINITIALIZED_AUTOS = YES_AGGRESSIVE;
				GCC_WARN_UNUSED_FUNCTION = YES;
				GCC_WARN_UNUSED_VARIABLE = YES;
				IPHONEOS_DEPLOYMENT_TARGET = 16.2;
				MTL_ENABLE_DEBUG_INFO = NO;
				MTL_FAST_MATH = YES;
				SDKROOT = iphoneos;
				SWIFT_COMPILATION_MODE = wholemodule;
				SWIFT_OPTIMIZATION_LEVEL = "-O";
				VALIDATE_PRODUCT = YES;
			};
			name = Release;
		};
		018D3D6129D158E900C29B18 /* Debug */ = {
			isa = XCBuildConfiguration;
			buildSettings = {
				ASSETCATALOG_COMPILER_APPICON_NAME = AppIcon;
				ASSETCATALOG_COMPILER_GLOBAL_ACCENT_COLOR_NAME = AccentColor;
				CODE_SIGN_STYLE = Automatic;
				CURRENT_PROJECT_VERSION = 1;
				DEVELOPMENT_TEAM = TALXMDWBCD;
				GENERATE_INFOPLIST_FILE = YES;
				INFOPLIST_FILE = "MVVM-Weather/Info.plist";
				INFOPLIST_KEY_UIApplicationSupportsIndirectInputEvents = YES;
				INFOPLIST_KEY_UILaunchStoryboardName = LaunchScreen;
				INFOPLIST_KEY_UIMainStoryboardFile = Main;
				INFOPLIST_KEY_UIStatusBarStyle = UIStatusBarStyleLightContent;
				INFOPLIST_KEY_UISupportedInterfaceOrientations_iPad = "UIInterfaceOrientationPortrait UIInterfaceOrientationPortraitUpsideDown UIInterfaceOrientationLandscapeLeft UIInterfaceOrientationLandscapeRight";
				INFOPLIST_KEY_UISupportedInterfaceOrientations_iPhone = "UIInterfaceOrientationPortrait UIInterfaceOrientationLandscapeLeft UIInterfaceOrientationLandscapeRight";
				LD_RUNPATH_SEARCH_PATHS = (
					"$(inherited)",
					"@executable_path/Frameworks",
				);
				MARKETING_VERSION = 1.0;
				PRODUCT_BUNDLE_IDENTIFIER = "com.kugsoft.MVVM-Weather";
				PRODUCT_NAME = "$(TARGET_NAME)";
				SWIFT_EMIT_LOC_STRINGS = YES;
				SWIFT_VERSION = 5.0;
				TARGETED_DEVICE_FAMILY = "1,2";
			};
			name = Debug;
		};
		018D3D6229D158E900C29B18 /* Release */ = {
			isa = XCBuildConfiguration;
			buildSettings = {
				ASSETCATALOG_COMPILER_APPICON_NAME = AppIcon;
				ASSETCATALOG_COMPILER_GLOBAL_ACCENT_COLOR_NAME = AccentColor;
				CODE_SIGN_STYLE = Automatic;
				CURRENT_PROJECT_VERSION = 1;
				DEVELOPMENT_TEAM = TALXMDWBCD;
				GENERATE_INFOPLIST_FILE = YES;
				INFOPLIST_FILE = "MVVM-Weather/Info.plist";
				INFOPLIST_KEY_UIApplicationSupportsIndirectInputEvents = YES;
				INFOPLIST_KEY_UILaunchStoryboardName = LaunchScreen;
				INFOPLIST_KEY_UIMainStoryboardFile = Main;
				INFOPLIST_KEY_UIStatusBarStyle = UIStatusBarStyleLightContent;
				INFOPLIST_KEY_UISupportedInterfaceOrientations_iPad = "UIInterfaceOrientationPortrait UIInterfaceOrientationPortraitUpsideDown UIInterfaceOrientationLandscapeLeft UIInterfaceOrientationLandscapeRight";
				INFOPLIST_KEY_UISupportedInterfaceOrientations_iPhone = "UIInterfaceOrientationPortrait UIInterfaceOrientationLandscapeLeft UIInterfaceOrientationLandscapeRight";
				LD_RUNPATH_SEARCH_PATHS = (
					"$(inherited)",
					"@executable_path/Frameworks",
				);
				MARKETING_VERSION = 1.0;
				PRODUCT_BUNDLE_IDENTIFIER = "com.kugsoft.MVVM-Weather";
				PRODUCT_NAME = "$(TARGET_NAME)";
				SWIFT_EMIT_LOC_STRINGS = YES;
				SWIFT_VERSION = 5.0;
				TARGETED_DEVICE_FAMILY = "1,2";
			};
			name = Release;
		};
		018D3D6429D158E900C29B18 /* Debug */ = {
			isa = XCBuildConfiguration;
			buildSettings = {
				ALWAYS_EMBED_SWIFT_STANDARD_LIBRARIES = YES;
				BUNDLE_LOADER = "$(TEST_HOST)";
				CODE_SIGN_STYLE = Automatic;
				CURRENT_PROJECT_VERSION = 1;
				DEVELOPMENT_TEAM = TALXMDWBCD;
				GENERATE_INFOPLIST_FILE = YES;
				IPHONEOS_DEPLOYMENT_TARGET = 16.2;
				MARKETING_VERSION = 1.0;
				PRODUCT_BUNDLE_IDENTIFIER = "com.kugsoft.MVVM-WeatherTests";
				PRODUCT_NAME = "$(TARGET_NAME)";
				SWIFT_EMIT_LOC_STRINGS = NO;
				SWIFT_VERSION = 5.0;
				TARGETED_DEVICE_FAMILY = "1,2";
				TEST_HOST = "$(BUILT_PRODUCTS_DIR)/MVVM-Weather.app/$(BUNDLE_EXECUTABLE_FOLDER_PATH)/MVVM-Weather";
			};
			name = Debug;
		};
		018D3D6529D158E900C29B18 /* Release */ = {
			isa = XCBuildConfiguration;
			buildSettings = {
				ALWAYS_EMBED_SWIFT_STANDARD_LIBRARIES = YES;
				BUNDLE_LOADER = "$(TEST_HOST)";
				CODE_SIGN_STYLE = Automatic;
				CURRENT_PROJECT_VERSION = 1;
				DEVELOPMENT_TEAM = TALXMDWBCD;
				GENERATE_INFOPLIST_FILE = YES;
				IPHONEOS_DEPLOYMENT_TARGET = 16.2;
				MARKETING_VERSION = 1.0;
				PRODUCT_BUNDLE_IDENTIFIER = "com.kugsoft.MVVM-WeatherTests";
				PRODUCT_NAME = "$(TARGET_NAME)";
				SWIFT_EMIT_LOC_STRINGS = NO;
				SWIFT_VERSION = 5.0;
				TARGETED_DEVICE_FAMILY = "1,2";
				TEST_HOST = "$(BUILT_PRODUCTS_DIR)/MVVM-Weather.app/$(BUNDLE_EXECUTABLE_FOLDER_PATH)/MVVM-Weather";
			};
			name = Release;
		};
		018D3D6729D158E900C29B18 /* Debug */ = {
			isa = XCBuildConfiguration;
			buildSettings = {
				ALWAYS_EMBED_SWIFT_STANDARD_LIBRARIES = YES;
				CODE_SIGN_STYLE = Automatic;
				CURRENT_PROJECT_VERSION = 1;
				DEVELOPMENT_TEAM = TALXMDWBCD;
				GENERATE_INFOPLIST_FILE = YES;
				MARKETING_VERSION = 1.0;
				PRODUCT_BUNDLE_IDENTIFIER = "com.kugsoft.MVVM-WeatherUITests";
				PRODUCT_NAME = "$(TARGET_NAME)";
				SWIFT_EMIT_LOC_STRINGS = NO;
				SWIFT_VERSION = 5.0;
				TARGETED_DEVICE_FAMILY = "1,2";
				TEST_TARGET_NAME = "MVVM-Weather";
			};
			name = Debug;
		};
		018D3D6829D158E900C29B18 /* Release */ = {
			isa = XCBuildConfiguration;
			buildSettings = {
				ALWAYS_EMBED_SWIFT_STANDARD_LIBRARIES = YES;
				CODE_SIGN_STYLE = Automatic;
				CURRENT_PROJECT_VERSION = 1;
				DEVELOPMENT_TEAM = TALXMDWBCD;
				GENERATE_INFOPLIST_FILE = YES;
				MARKETING_VERSION = 1.0;
				PRODUCT_BUNDLE_IDENTIFIER = "com.kugsoft.MVVM-WeatherUITests";
				PRODUCT_NAME = "$(TARGET_NAME)";
				SWIFT_EMIT_LOC_STRINGS = NO;
				SWIFT_VERSION = 5.0;
				TARGETED_DEVICE_FAMILY = "1,2";
				TEST_TARGET_NAME = "MVVM-Weather";
			};
			name = Release;
		};
/* End XCBuildConfiguration section */

/* Begin XCConfigurationList section */
		018D3D2E29D158E400C29B18 /* Build configuration list for PBXProject "MVVM-Weather" */ = {
			isa = XCConfigurationList;
			buildConfigurations = (
				018D3D5E29D158E900C29B18 /* Debug */,
				018D3D5F29D158E900C29B18 /* Release */,
			);
			defaultConfigurationIsVisible = 0;
			defaultConfigurationName = Release;
		};
		018D3D6029D158E900C29B18 /* Build configuration list for PBXNativeTarget "MVVM-Weather" */ = {
			isa = XCConfigurationList;
			buildConfigurations = (
				018D3D6129D158E900C29B18 /* Debug */,
				018D3D6229D158E900C29B18 /* Release */,
			);
			defaultConfigurationIsVisible = 0;
			defaultConfigurationName = Release;
		};
		018D3D6329D158E900C29B18 /* Build configuration list for PBXNativeTarget "MVVM-WeatherTests" */ = {
			isa = XCConfigurationList;
			buildConfigurations = (
				018D3D6429D158E900C29B18 /* Debug */,
				018D3D6529D158E900C29B18 /* Release */,
			);
			defaultConfigurationIsVisible = 0;
			defaultConfigurationName = Release;
		};
		018D3D6629D158E900C29B18 /* Build configuration list for PBXNativeTarget "MVVM-WeatherUITests" */ = {
			isa = XCConfigurationList;
			buildConfigurations = (
				018D3D6729D158E900C29B18 /* Debug */,
				018D3D6829D158E900C29B18 /* Release */,
			);
			defaultConfigurationIsVisible = 0;
			defaultConfigurationName = Release;
		};
/* End XCConfigurationList section */

/* Begin XCVersionGroup section */
		018D3D3F29D158E400C29B18 /* MVVM_Weather.xcdatamodeld */ = {
			isa = XCVersionGroup;
			children = (
				018D3D4029D158E400C29B18 /* MVVM_Weather.xcdatamodel */,
			);
			currentVersion = 018D3D4029D158E400C29B18 /* MVVM_Weather.xcdatamodel */;
			path = MVVM_Weather.xcdatamodeld;
			sourceTree = "<group>";
			versionGroupType = wrapper.xcdatamodel;
		};
/* End XCVersionGroup section */
	};
	rootObject = 018D3D2B29D158E400C29B18 /* Project object */;
}
